Microsoft Visual Studio Solution File, Format Version 11.00
# Visual Studio 2008

Project("{121B4FF2-CD20-0518-CA6E-86086E1051D6}") = "Test Multi", "Assembly-CSharp.csproj", "{3C379D5D-9F19-F059-F38E-0FFFEFD6617F}"
EndProject
Global
	GlobalSection(SolutionConfigurationPlatforms) = preSolution
		Debug|Any CPU = Debug|Any CPU
		Release|Any CPU = Release|Any CPU
	EndGlobalSection
	GlobalSection(ProjectConfigurationPlatforms) = postSolution
		{3C379D5D-9F19-F059-F38E-0FFFEFD6617F}.Debug|Any CPU.ActiveCfg = Debug|Any CPU
		{3C379D5D-9F19-F059-F38E-0FFFEFD6617F}.Debug|Any CPU.Build.0 = Debug|Any CPU
		{3C379D5D-9F19-F059-F38E-0FFFEFD6617F}.Release|Any CPU.ActiveCfg = Release|Any CPU
		{3C379D5D-9F19-F059-F38E-0FFFEFD6617F}.Release|Any CPU.Build.0 = Release|Any CPU
	EndGlobalSection
	GlobalSection(SolutionProperties) = preSolution
		HideSolutionNode = FALSE
	EndGlobalSection
	GlobalSection(MonoDevelopProperties) = preSolution
		StartupItem = Assembly-CSharp.csproj
	EndGlobalSection
EndGlobal
