
Microsoft Visual Studio Solution File, Format Version 12.00
# Visual Studio 2015
Project("{FAE04EC0-301F-11D3-BF4B-00C04F79EFBC}") = "Test Multi.CSharp", "Test Multi.CSharp.csproj", "{5BDB44EF-7D7F-0F1B-6534-FCB4157E7094}"
EndProject
Global
	GlobalSection(SolutionConfigurationPlatforms) = preSolution
		Debug|Any CPU = Debug|Any CPU
		Release|Any CPU = Release|Any CPU
	EndGlobalSection
	GlobalSection(ProjectConfigurationPlatforms) = postSolution
		{5BDB44EF-7D7F-0F1B-6534-FCB4157E7094}.Debug|Any CPU.ActiveCfg = Debug|Any CPU
		{5BDB44EF-7D7F-0F1B-6534-FCB4157E7094}.Debug|Any CPU.Build.0 = Debug|Any CPU
		{5BDB44EF-7D7F-0F1B-6534-FCB4157E7094}.Release|Any CPU.ActiveCfg = Release|Any CPU
		{5BDB44EF-7D7F-0F1B-6534-FCB4157E7094}.Release|Any CPU.Build.0 = Release|Any CPU
	EndGlobalSection
	GlobalSection(SolutionProperties) = preSolution
		HideSolutionNode = FALSE
	EndGlobalSection
EndGlobal
